
Microsoft Visual Studio Solution File, Format Version 12.00
# Visual Studio 14
VisualStudioVersion = 14.0.24720.0
MinimumVisualStudioVersion = 10.0.40219.1
Project("{8BC9CEB8-8B4A-11D0-8D11-00A0C91BC942}") = "witcher3-booster", "witcher3-booster.vcxproj", "{1B6C7DC1-5F28-4B33-A1AB-BE039B720203}"
EndProject
Project("{FAE04EC0-301F-11D3-BF4B-00C04F79EFBC}") = "CFGEditor", "CFGEditor\CFGEditor.csproj", "{84BA5F47-D246-40A7-B42C-A2EB66F3CECC}"
EndProject
Global
	GlobalSection(SolutionConfigurationPlatforms) = preSolution
		Debug|Any CPU = Debug|Any CPU
		Debug|x64 = Debug|x64
		Debug|x86 = Debug|x86
		Release|Any CPU = Release|Any CPU
		Release|x64 = Release|x64
		Release|x86 = Release|x86
		ReleaseNoCam|Any CPU = ReleaseNoCam|Any CPU
		ReleaseNoCam|x64 = ReleaseNoCam|x64
		ReleaseNoCam|x86 = ReleaseNoCam|x86
	EndGlobalSection
	GlobalSection(ProjectConfigurationPlatforms) = postSolution
		{1B6C7DC1-5F28-4B33-A1AB-BE039B720203}.Debug|Any CPU.ActiveCfg = Debug|x64
		{1B6C7DC1-5F28-4B33-A1AB-BE039B720203}.Debug|x64.ActiveCfg = Debug|x64
		{1B6C7DC1-5F28-4B33-A1AB-BE039B720203}.Debug|x64.Build.0 = Debug|x64
		{1B6C7DC1-5F28-4B33-A1AB-BE039B720203}.Debug|x86.ActiveCfg = Debug|x64
		{1B6C7DC1-5F28-4B33-A1AB-BE039B720203}.Release|Any CPU.ActiveCfg = Release|x64
		{1B6C7DC1-5F28-4B33-A1AB-BE039B720203}.Release|x64.ActiveCfg = Release|x64
		{1B6C7DC1-5F28-4B33-A1AB-BE039B720203}.Release|x64.Build.0 = Release|x64
		{1B6C7DC1-5F28-4B33-A1AB-BE039B720203}.Release|x86.ActiveCfg = Release|x64
		{1B6C7DC1-5F28-4B33-A1AB-BE039B720203}.ReleaseNoCam|Any CPU.ActiveCfg = ReleaseNoCam|x64
		{1B6C7DC1-5F28-4B33-A1AB-BE039B720203}.ReleaseNoCam|x64.ActiveCfg = ReleaseNoCam|x64
		{1B6C7DC1-5F28-4B33-A1AB-BE039B720203}.ReleaseNoCam|x64.Build.0 = ReleaseNoCam|x64
		{1B6C7DC1-5F28-4B33-A1AB-BE039B720203}.ReleaseNoCam|x86.ActiveCfg = ReleaseNoCam|x64
		{84BA5F47-D246-40A7-B42C-A2EB66F3CECC}.Debug|Any CPU.ActiveCfg = Debug|Any CPU
		{84BA5F47-D246-40A7-B42C-A2EB66F3CECC}.Debug|Any CPU.Build.0 = Debug|Any CPU
		{84BA5F47-D246-40A7-B42C-A2EB66F3CECC}.Debug|x64.ActiveCfg = Debug|Any CPU
		{84BA5F47-D246-40A7-B42C-A2EB66F3CECC}.Debug|x64.Build.0 = Debug|Any CPU
		{84BA5F47-D246-40A7-B42C-A2EB66F3CECC}.Debug|x86.ActiveCfg = Debug|Any CPU
		{84BA5F47-D246-40A7-B42C-A2EB66F3CECC}.Debug|x86.Build.0 = Debug|Any CPU
		{84BA5F47-D246-40A7-B42C-A2EB66F3CECC}.Release|Any CPU.ActiveCfg = Release|Any CPU
		{84BA5F47-D246-40A7-B42C-A2EB66F3CECC}.Release|Any CPU.Build.0 = Release|Any CPU
		{84BA5F47-D246-40A7-B42C-A2EB66F3CECC}.Release|x64.ActiveCfg = Release|Any CPU
		{84BA5F47-D246-40A7-B42C-A2EB66F3CECC}.Release|x64.Build.0 = Release|Any CPU
		{84BA5F47-D246-40A7-B42C-A2EB66F3CECC}.Release|x86.ActiveCfg = Release|Any CPU
		{84BA5F47-D246-40A7-B42C-A2EB66F3CECC}.Release|x86.Build.0 = Release|Any CPU
		{84BA5F47-D246-40A7-B42C-A2EB66F3CECC}.ReleaseNoCam|Any CPU.ActiveCfg = Release|Any CPU
		{84BA5F47-D246-40A7-B42C-A2EB66F3CECC}.ReleaseNoCam|Any CPU.Build.0 = Release|Any CPU
		{84BA5F47-D246-40A7-B42C-A2EB66F3CECC}.ReleaseNoCam|x64.ActiveCfg = Release|Any CPU
		{84BA5F47-D246-40A7-B42C-A2EB66F3CECC}.ReleaseNoCam|x64.Build.0 = Release|Any CPU
		{84BA5F47-D246-40A7-B42C-A2EB66F3CECC}.ReleaseNoCam|x86.ActiveCfg = Release|Any CPU
		{84BA5F47-D246-40A7-B42C-A2EB66F3CECC}.ReleaseNoCam|x86.Build.0 = Release|Any CPU
	EndGlobalSection
	GlobalSection(SolutionProperties) = preSolution
		HideSolutionNode = FALSE
	EndGlobalSection
EndGlobal
